schema: '2.0'
stages:
  data_ingestion:
    cmd: python src/data_ingestion.py
    deps:
    - path: src/data_ingestion.py
      hash: md5
      md5: b641470def34cc9e4d7dd92cfc2ea1f9
      size: 4656
    params:
      params.yaml:
        data_ingestion.test_size: 0.3
    outs:
    - path: data/raw
      hash: md5
      md5: 6e91c2a065dff2460a35c7633d75d35d.dir
      size: 1834892
      nfiles: 2
  data_preprocessing:
    cmd: python src/data_preprocessing.py
    deps:
    - path: data/raw
      hash: md5
      md5: 6e91c2a065dff2460a35c7633d75d35d.dir
      size: 1834892
      nfiles: 2
    - path: src/data_preprocessing.py
      hash: md5
      md5: a68e7c1e70fda254ee900a475266c952
      size: 2772
    outs:
    - path: data/interim
      hash: md5
      md5: f9e1fd57c464bddfeb2ecb212ae539a0.dir
      size: 1285234
      nfiles: 2
  feature_engineering:
    cmd: python src/feature_engineering.py
    deps:
    - path: data/interim
      hash: md5
      md5: f9e1fd57c464bddfeb2ecb212ae539a0.dir
      size: 1285234
      nfiles: 2
    - path: src/feature_engineering.py
      hash: md5
      md5: 0a4cd189acc12288448fe5ce65a3ab62
      size: 3958
    params:
      params.yaml:
        feature_engineering.max_feature: 400
    outs:
    - path: data/processed
      hash: md5
      md5: 3d1b8202adbef16449fc4038fff4e9f9.dir
      size: 41442537
      nfiles: 2
  model_training:
    cmd: python src/model_training.py
    deps:
    - path: data/processed
      hash: md5
      md5: 3d1b8202adbef16449fc4038fff4e9f9.dir
      size: 41442537
      nfiles: 2
    - path: src/model_training.py
      hash: md5
      md5: 51152f3eaf2e534ff6177f3afa2bcac5
      size: 4140
    params:
      params.yaml:
        model_training.n_estimators: 30
        model_training.random_state: 42
    outs:
    - path: models/model.pkl
      hash: md5
      md5: 2b8309dabc37a69d4f70e5694ba69a01
      size: 6128894
  model_evaluation:
    cmd: python src/model_evaluation.py
    deps:
    - path: models/model.pkl
      hash: md5
      md5: 2b8309dabc37a69d4f70e5694ba69a01
      size: 6128894
    - path: src/model_evaluation.py
      hash: md5
      md5: b38f88aa5c3596179c63730ff5ec6974
      size: 4857
    outs:
    - path: reports/metrics.json
      hash: md5
      md5: 63afb9c0919301430b4222cdc5c20616
      size: 165
